<?xml version="1.0" encoding="UTF-8"?>
<Project ToolsVersion="15.0" xmlns="http://schemas.microsoft.com/developer/msbuild/2003">
  <ItemGroup>
    <ClCompile Include="C:\Urho3D\Urho3D-Boids\Character.cpp">
      <Filter>Source Files</Filter>
    </ClCompile>
    <ClCompile Include="C:\Urho3D\Urho3D-Boids\CharacterDemo.cpp">
      <Filter>Source Files</Filter>
    </ClCompile>
    <ClCompile Include="C:\Urho3D\Urho3D-Boids\Missile.cpp">
      <Filter>Source Files</Filter>
    </ClCompile>
    <ClCompile Include="C:\Urho3D\Urho3D-Boids\Player.cpp">
      <Filter>Source Files</Filter>
    </ClCompile>
    <ClCompile Include="C:\Urho3D\Urho3D-Boids\Touch.cpp">
      <Filter>Source Files</Filter>
    </ClCompile>
    <ClCompile Include="C:\Urho3D\Urho3D-Boids\boids.cpp">
      <Filter>Source Files</Filter>
    </ClCompile>
  </ItemGroup>
  <ItemGroup>
    <ClInclude Include="C:\Urho3D\Urho3D-Boids\Character.h">
      <Filter>Header Files</Filter>
    </ClInclude>
    <ClInclude Include="C:\Urho3D\Urho3D-Boids\CharacterDemo.h">
      <Filter>Header Files</Filter>
    </ClInclude>
    <ClInclude Include="C:\Urho3D\Urho3D-Boids\Missile.h">
      <Filter>Header Files</Filter>
    </ClInclude>
    <ClInclude Include="C:\Urho3D\Urho3D-Boids\Player.h">
      <Filter>Header Files</Filter>
    </ClInclude>
    <ClInclude Include="C:\Urho3D\Urho3D-Boids\Sample.h">
      <Filter>Header Files</Filter>
    </ClInclude>
    <ClInclude Include="C:\Urho3D\Urho3D-Boids\Touch.h">
      <Filter>Header Files</Filter>
    </ClInclude>
    <ClInclude Include="C:\Urho3D\Urho3D-Boids\boids.h">
      <Filter>Header Files</Filter>
    </ClInclude>
  </ItemGroup>
  <ItemGroup>
    <CustomBuild Include="C:\Urho3D\Urho3D-Boids\CMakeLists.txt" />
  </ItemGroup>
  <ItemGroup>
    <None Include="C:\Urho3D\Urho3D-Boids\bin\CoreData">
      <Filter>Resource Dirs</Filter>
    </None>
    <None Include="C:\Urho3D\Urho3D-Boids\bin\Data">
      <Filter>Resource Dirs</Filter>
    </None>
  </ItemGroup>
  <ItemGroup>
    <Filter Include="Source Files">
      <UniqueIdentifier>{8D592A6C-2E35-3C5C-A591-A2FA5A4815B2}</UniqueIdentifier>
    </Filter>
    <Filter Include="Header Files">
      <UniqueIdentifier>{508DE1A1-C2BB-3DD4-AC5D-35605E2060CF}</UniqueIdentifier>
    </Filter>
    <Filter Include="Resource Dirs">
      <UniqueIdentifier>{C03BEAF5-68A4-35C3-88F5-5D0F6BF86A12}</UniqueIdentifier>
    </Filter>
  </ItemGroup>
</Project>
